{
  "name": "zenn.dev",
  "version": "1.0.0",
  "lockfileVersion": 2,
  "requires": true,
  "packages": {
    "": {
      "name": "zenn.dev",
      "version": "1.0.0",
      "license": "ISC",
      "dependencies": {
        "zenn-cli": "^0.1.161"
      }
    },
    "node_modules/zenn-cli": {
      "version": "0.1.161",
      "resolved": "https://registry.npmjs.org/zenn-cli/-/zenn-cli-0.1.161.tgz",
      "integrity": "sha512-PVdw0zj2GwtAaYbrvN/a5C2IHIzRhAu24AYkw16r344O8FYt/29v0pnGNQFKVfZdSZlgcl5HnH7jQWmlOVdXPw==",
      "bin": {
        "zenn": "dist/server/zenn.js"
      },
      "engines": {
        "node": ">=14.0.0"
      }
    }
  },
  "dependencies": {
    "zenn-cli": {
      "version": "0.1.161",
      "resolved": "https://registry.npmjs.org/zenn-cli/-/zenn-cli-0.1.161.tgz",
      "integrity": "sha512-PVdw0zj2GwtAaYbrvN/a5C2IHIzRhAu24AYkw16r344O8FYt/29v0pnGNQFKVfZdSZlgcl5HnH7jQWmlOVdXPw=="
    }
  }
}
